
Microsoft Visual Studio Solution File, Format Version 12.00
# Visual Studio Version 17
VisualStudioVersion = 17.9.34701.34
MinimumVisualStudioVersion = 10.0.40219.1
Project("{8BC9CEB8-8B4A-11D0-8D11-00A0C91BC942}") = "FinalProject (ArslanManasra)", "FinalProject (ArslanManasra)\FinalProject (ArslanManasra).vcxproj", "{D1BE9D03-DCFD-4838-B34F-413DD1F1CBC6}"
EndProject
Global
	GlobalSection(SolutionConfigurationPlatforms) = preSolution
		Debug|x64 = Debug|x64
		Debug|x86 = Debug|x86
		Release|x64 = Release|x64
		Release|x86 = Release|x86
	EndGlobalSection
	GlobalSection(ProjectConfigurationPlatforms) = postSolution
		{D1BE9D03-DCFD-4838-B34F-413DD1F1CBC6}.Debug|x64.ActiveCfg = Debug|x64
		{D1BE9D03-DCFD-4838-B34F-413DD1F1CBC6}.Debug|x64.Build.0 = Debug|x64
		{D1BE9D03-DCFD-4838-B34F-413DD1F1CBC6}.Debug|x86.ActiveCfg = Debug|Win32
		{D1BE9D03-DCFD-4838-B34F-413DD1F1CBC6}.Debug|x86.Build.0 = Debug|Win32
		{D1BE9D03-DCFD-4838-B34F-413DD1F1CBC6}.Release|x64.ActiveCfg = Release|x64
		{D1BE9D03-DCFD-4838-B34F-413DD1F1CBC6}.Release|x64.Build.0 = Release|x64
		{D1BE9D03-DCFD-4838-B34F-413DD1F1CBC6}.Release|x86.ActiveCfg = Release|Win32
		{D1BE9D03-DCFD-4838-B34F-413DD1F1CBC6}.Release|x86.Build.0 = Release|Win32
	EndGlobalSection
	GlobalSection(SolutionProperties) = preSolution
		HideSolutionNode = FALSE
	EndGlobalSection
	GlobalSection(ExtensibilityGlobals) = postSolution
		SolutionGuid = {742E3975-2BA5-43DE-BAF9-564EED7D2E92}
	EndGlobalSection
EndGlobal
